
Microsoft Visual Studio Solution File, Format Version 12.00
# Visual Studio Version 17
VisualStudioVersion = 17.5.002.0
MinimumVisualStudioVersion = 10.0.40219.1
Project("{9A19103F-16F7-4668-BE54-9A1E7A4F7556}") = "students", "students.csproj", "{EEAE9CE4-5BA3-4C2E-8DA4-B23FA4F9C7A3}"
EndProject
Global
	GlobalSection(SolutionConfigurationPlatforms) = preSolution
		Debug|Any CPU = Debug|Any CPU
		Release|Any CPU = Release|Any CPU
	EndGlobalSection
	GlobalSection(ProjectConfigurationPlatforms) = postSolution
		{EEAE9CE4-5BA3-4C2E-8DA4-B23FA4F9C7A3}.Debug|Any CPU.ActiveCfg = Debug|Any CPU
		{EEAE9CE4-5BA3-4C2E-8DA4-B23FA4F9C7A3}.Debug|Any CPU.Build.0 = Debug|Any CPU
		{EEAE9CE4-5BA3-4C2E-8DA4-B23FA4F9C7A3}.Release|Any CPU.ActiveCfg = Release|Any CPU
		{EEAE9CE4-5BA3-4C2E-8DA4-B23FA4F9C7A3}.Release|Any CPU.Build.0 = Release|Any CPU
	EndGlobalSection
	GlobalSection(SolutionProperties) = preSolution
		HideSolutionNode = FALSE
	EndGlobalSection
	GlobalSection(ExtensibilityGlobals) = postSolution
		SolutionGuid = {F2A80BDC-6289-4BD8-8D61-03FAE62326A2}
	EndGlobalSection
EndGlobal
